uuid: 44e56a36-9385-45cd-8dfd-efaf941a15c7
langcode: en
status: true
dependencies:
  module:
    - context
    - ldbase_content
    - system
  theme:
    - portcullis
id: ldbaseprojectlatestitemsblock
theme: portcullis
region: content
weight: -1
provider: null
plugin: project_latest_items
settings:
  id: project_latest_items
  label: 'LDbase Project Latest Items Block'
  label_display: '0'
  provider: ldbase_content
visibility:
  request_path_exclusion:
    id: request_path_exclusion
    negate: true
    context_mapping: {  }
    pages: '/projects/*/*'
  request_path:
    id: request_path
    negate: false
    context_mapping: {  }
    pages: '/projects/*'
