uuid: 44e56a36-9385-45cd-8dfd-efaf941a15c7
langcode: en
status: true
dependencies:
  module:
    - context
    - ldbase_content
    - system
  theme:
    - portcullis
id: ldbaseprojectlatestitemsblock
theme: portcullis
region: content
weight: -1
provider: null
plugin: project_latest_items
settings:
  id: project_latest_items
  label: 'LDbase Project Latest Items Block'
  label_display: '0'
  provider: ldbase_content
visibility:
  context_all:
    id: context_all
    negate: null
    context_mapping: {  }
    values: ''
  context:
    id: context
    negate: null
    context_mapping: {  }
    values: ''
  user_status:
    id: user_status
    negate: false
    context_mapping:
      user: '@user.current_user_context:current_user'
    user_status:
      viewing_profile: '0'
      logged_viewing_profile: '0'
      own_page_true: '0'
      field_value: '0'
    user_fields: uid
  request_path_exclusion:
    id: request_path_exclusion
    negate: true
    context_mapping: {  }
    pages: '/projects/*/*'
  request_path:
    id: request_path
    negate: false
    context_mapping: {  }
    pages: '/projects/*'
