uuid: fa1ff5bd-2365-47ba-8150-27857b5901ba
langcode: en
status: true
dependencies:
  module:
    - collapsiblock
    - context
    - ctools
    - ldbase_content
    - system
  theme:
    - portcullis
third_party_settings:
  collapsiblock:
    collapse_action: '0'
id: socialmediablock
theme: portcullis
region: sidebar_first
weight: -20
provider: null
plugin: social_media_block
settings:
  id: social_media_block
  label: 'Social Media Block'
  provider: ldbase_content
  label_display: '0'
visibility:
  'entity_bundle:node':
    id: 'entity_bundle:node'
    bundles:
      code: code
      dataset: dataset
      document: document
      organization: organization
      person: person
      project: project
    negate: false
    context_mapping:
      node: '@node.node_route_context:node'
  request_path:
    id: request_path
    pages: "/*/*/edit\r\n/*/*/delete-content\r\n/*/*/add-*\r\n/doi/*/confirm\r\n/persons/*/change-password"
    negate: true
    context_mapping: {  }
  request_path_exclusion:
    id: request_path_exclusion
    pages: ''
    negate: null
    context_mapping: {  }
  view_inclusion:
    id: view_inclusion
    negate: null
    view_inclusion: {  }
    context_mapping: {  }
