uuid: 7e13b37d-767b-493e-81b3-fb4aa349b141
langcode: en
status: true
dependencies:
  module:
    - ldbase_content
    - system
  theme:
    - portcullis
id: homepageuserloggedinblock
theme: portcullis
region: content_top
weight: -29
provider: null
plugin: home_page_user_block
settings:
  id: home_page_user_block
  label: 'Home Page User Logged In Block'
  label_display: '0'
  provider: ldbase_content
visibility:
  request_path:
    id: request_path
    negate: false
    context_mapping: {  }
    pages: '<front>'
