uuid: 8edc0319-c7fa-4054-9f0f-34365847620a
langcode: en
status: true
dependencies:
  module:
    - ldbase_content
    - system
  theme:
    - portcullis
id: browsebyvocabularyblock
theme: portcullis
region: sidebar_first
weight: -29
provider: null
plugin: browse_by_vocabulary_block
settings:
  id: browse_by_vocabulary_block
  label: 'Browse by Vocabularies'
  label_display: visible
  provider: ldbase_content
visibility:
  request_path:
    id: request_path
    negate: false
    context_mapping: {  }
    pages: /browse-data
