uuid: 5b7f31fd-a951-4ab5-968b-7d91008e47cb
langcode: en
status: true
dependencies:
  module:
    - ldbase_content
    - node
    - system
  theme:
    - portcullis
id: projecttreeblock
theme: portcullis
region: sidebar_second
weight: -37
provider: null
plugin: project_tree_block
settings:
  id: project_tree_block
  label: 'Project Hierarchy'
  label_display: visible
  provider: ldbase_content
visibility:
  request_path:
    id: request_path
    negate: true
    context_mapping: {  }
    pages: "/*/*/edit\r\n/*/*/delete-content\r\n/*/*/add-*\r\n/doi/*/confirm\r\n/*/*/request-access"
  'entity_bundle:node':
    id: 'entity_bundle:node'
    negate: false
    context_mapping:
      node: '@node.node_route_context:node'
    bundles:
      code: code
      dataset: dataset
      document: document
      project: project
