uuid: 5b7f31fd-a951-4ab5-968b-7d91008e47cb
langcode: en
status: true
dependencies:
  module:
    - collapsiblock
    - ctools
    - ldbase_content
    - system
  theme:
    - portcullis
third_party_settings:
  collapsiblock:
    collapse_action: '0'
id: projecttreeblock
theme: portcullis
region: sidebar_first
weight: -19
provider: null
plugin: project_tree_block
settings:
  id: project_tree_block
  label: 'Project Navigation'
  provider: ldbase_content
  label_display: visible
visibility:
  request_path:
    id: request_path
    pages: "/*/*/edit\r\n/*/*/delete-content\r\n/*/*/add-*\r\n/doi/*/confirm"
    negate: true
    context_mapping: {  }
  'entity_bundle:node':
    id: 'entity_bundle:node'
    bundles:
      code: code
      dataset: dataset
      document: document
      project: project
    negate: false
    context_mapping:
      node: '@node.node_route_context:node'
