uuid: eb0853f2-d901-4834-b59f-c59094a7cdd2
langcode: en
status: true
dependencies:
  module:
    - ldbase_content
    - system
  theme:
    - portcullis
id: ldbasefooterblock
theme: portcullis
region: footer_bottom
weight: 0
provider: null
plugin: ldbase_footer_block
settings:
  id: ldbase_footer_block
  label: 'LDbase Footer Block'
  provider: ldbase_content
  label_display: '0'
visibility:
  request_path:
    id: request_path
    negate: false
    context_mapping: {  }
    pages: '<front>'
