uuid: 621a15e5-dd5e-4fd4-8668-b2abc950703e
langcode: en
status: true
dependencies:
  module:
    - ldbase_content
  theme:
    - portcullis
id: ldbasesubfooterblock
theme: portcullis
region: sub_footer_first
weight: -37
provider: null
plugin: ldbase_subfooter_block
settings:
  id: ldbase_subfooter_block
  label: 'LDbase Subfooter Block'
  label_display: '0'
  provider: ldbase_content
visibility: {  }
