uuid: 7c1b1cbe-8329-4e57-92fb-c50c191be23b
langcode: en
status: true
dependencies:
  module:
    - context
    - ldbase_content
    - node
    - system
  theme:
    - portcullis
id: nodeanalyticsblock
theme: portcullis
region: sidebar_first
weight: -35
provider: null
plugin: node_analytics_block
settings:
  id: node_analytics_block
  label: 'Usage Metrics'
  label_display: visible
  provider: ldbase_content
visibility:
  'entity_bundle:node':
    id: 'entity_bundle:node'
    negate: false
    context_mapping:
      node: '@node.node_route_context:node'
    bundles:
      code: code
      dataset: dataset
      document: document
      organization: organization
      person: person
      project: project
  request_path:
    id: request_path
    negate: true
    context_mapping: {  }
    pages: "/*/*/edit\r\n/*/*/delete-content\r\n/*/*/add-*\r\n/doi/*/confirm\r\n/persons/*/change-password\r\n/*/*/request-access\r\n/access-request/*\r\n/*/*/contact-ldbase-*"
  context_all:
    id: context_all
    negate: null
    context_mapping: {  }
    values: ''
  context:
    id: context
    negate: null
    context_mapping: {  }
    values: ''
  user_status:
    id: user_status
    negate: false
    context_mapping:
      user: '@user.current_user_context:current_user'
    user_status:
      viewing_profile: '0'
      logged_viewing_profile: '0'
      own_page_true: '0'
      field_value: '0'
    user_fields: uid
