uuid: 44e56a36-9385-45cd-8dfd-efaf941a15c7
langcode: en
status: true
dependencies:
  module:
    - collapsiblock
    - context
    - ldbase_content
    - system
  theme:
    - portcullis
third_party_settings:
  collapsiblock:
    collapse_action: '0'
id: ldbaseprojectlatestitemsblock
theme: portcullis
region: content
weight: -1
provider: null
plugin: project_latest_items
settings:
  id: project_latest_items
  label: 'LDbase Project Latest Items Block'
  provider: ldbase_content
  label_display: '0'
visibility:
  context_all:
    id: context_all
    values: ''
    negate: null
    context_mapping: {  }
  context:
    id: context
    values: ''
    negate: null
    context_mapping: {  }
  user_status:
    id: user_status
    user_status:
      viewing_profile: '0'
      logged_viewing_profile: '0'
      own_page_true: '0'
      field_value: '0'
    user_fields: uid
    negate: false
    context_mapping:
      user: '@user.current_user_context:current_user'
  request_path_exclusion:
    id: request_path_exclusion
    negate: true
    pages: '/projects/*/*'
    context_mapping: {  }
  request_path:
    id: request_path
    pages: '/projects/*'
    negate: false
    context_mapping: {  }
