uuid: 1c2fd2f9-1107-4a2e-b074-a1cac1a77667
langcode: en
status: true
dependencies:
  module:
    - context
    - ldbase_content
  theme:
    - portcullis
id: ldbasesubfootertwoblock
theme: portcullis
region: footer
weight: -38
provider: null
plugin: ldbase_subfooter_two_block
settings:
  id: ldbase_subfooter_two_block
  label: 'LDbase Subfooter Two Block'
  label_display: '0'
  provider: ldbase_content
visibility:
  request_path_exclusion:
    id: request_path_exclusion
    negate: null
    context_mapping: {  }
    pages: ''
  view_inclusion:
    id: view_inclusion
    negate: null
    context_mapping: {  }
    view_inclusion: {  }
