uuid: 8edc0319-c7fa-4054-9f0f-34365847620a
langcode: en
status: true
dependencies:
  module:
    - collapsiblock
    - context
    - ldbase_content
    - system
  theme:
    - portcullis
third_party_settings:
  collapsiblock:
    collapse_action: '0'
id: browsebyvocabularyblock
theme: portcullis
region: sidebar_first
weight: -9
provider: null
plugin: browse_by_vocabulary_block
settings:
  id: browse_by_vocabulary_block
  label: 'Browse by Vocabularies'
  provider: ldbase_content
  label_display: visible
visibility:
  request_path_exclusion:
    id: request_path_exclusion
    pages: ''
    negate: null
    context_mapping: {  }
  view_inclusion:
    id: view_inclusion
    negate: null
    view_inclusion: {  }
    context_mapping: {  }
  request_path:
    id: request_path
    pages: /browse-data
    negate: false
    context_mapping: {  }
